{
  "name": "Ejson-cli",
  "lockfileVersion": 3,
  "requires": true,
  "packages": {
    "": {
      "dependencies": {
        "chroma": "^0.0.1",
        "ejson-mark": "^1.0.0"
      }
    },
    "node_modules/chroma": {
      "version": "0.0.1",
      "resolved": "https://registry.npmmirror.com/chroma/-/chroma-0.0.1.tgz",
      "integrity": "sha512-spXrvnDrn4IKEN/s0G9vri2+GGZhB15bDU22bbPRnOSEnkGgzGVSFoj/2TeRO5PBysOI4bcHor/8wIamocN09A=="
    },
    "node_modules/ejson-mark": {
      "version": "1.0.0",
      "resolved": "https://registry.npmmirror.com/ejson-mark/-/ejson-mark-1.0.0.tgz",
      "integrity": "sha512-FpjVCJahlWl2rN4TAZS2ZsPTLo4/SU4gQ98ygE72Da9C11hVYMbeYArEOsq3XOo12izWPpUB11rBBamODPojzQ=="
    }
  }
}
